<?xml version="1.0" encoding="utf-8"?>
<Project ToolsVersion="4.0" xmlns="http://schemas.microsoft.com/developer/msbuild/2003">
  <ItemGroup>
    <Filter Include="Source Files">
      <UniqueIdentifier>{4FC737F1-C7A5-4376-A066-2A32D752A2FF}</UniqueIdentifier>
      <Extensions>cpp;c;cc;cxx;def;odl;idl;hpj;bat;asm;asmx</Extensions>
    </Filter>
    <Filter Include="Header Files">
      <UniqueIdentifier>{93995380-89BD-4b04-88EB-625FBE52EBFB}</UniqueIdentifier>
      <Extensions>h;hpp;hxx;hm;inl;inc;xsd</Extensions>
    </Filter>
    <Filter Include="Resource Files">
      <UniqueIdentifier>{67DA6AB6-F800-4c08-8B7A-83BB121AAD01}</UniqueIdentifier>
      <Extensions>rc;ico;cur;bmp;dlg;rc2;rct;bin;rgs;gif;jpg;jpeg;jpe;resx;tiff;tif;png;wav;mfcribbon-ms</Extensions>
    </Filter>
    <Filter Include="Source Files\misc">
      <UniqueIdentifier>{187688ac-7c10-4d7d-b2bd-0201c9458655}</UniqueIdentifier>
    </Filter>
    <Filter Include="Header Files\gtest">
      <UniqueIdentifier>{2dac3212-6b18-452b-921d-ee50e3decdd1}</UniqueIdentifier>
    </Filter>
    <Filter Include="Header Files\gmock">
      <UniqueIdentifier>{5a0ba94e-c39e-4f05-bead-7981e8a7bbef}</UniqueIdentifier>
    </Filter>
    <Filter Include="Header Files\misc">
      <UniqueIdentifier>{84435c91-c2ff-4004-b91d-7687e11aa728}</UniqueIdentifier>
    </Filter>
  </ItemGroup>
  <ItemGroup>
    <ClCompile Include="gmock_main.cc">
      <Filter>Source Files</Filter>
    </ClCompile>
    <ClCompile Include="gmock-gtest-all.cc">
      <Filter>Source Files</Filter>
    </ClCompile>
    <ClCompile Include="BaseTest.cpp">
      <Filter>Source Files</Filter>
    </ClCompile>
    <ClCompile Include="misc\TestHashMap.cpp">
      <Filter>Source Files\misc</Filter>
    </ClCompile>
    <ClCompile Include="misc\TestIntervalSet.cpp">
      <Filter>Source Files\misc</Filter>
    </ClCompile>
    <ClCompile Include="misc\TestPair.cpp">
      <Filter>Source Files\misc</Filter>
    </ClCompile>
    <ClCompile Include="misc\TestTriple.cpp">
      <Filter>Source Files\misc</Filter>
    </ClCompile>
    <ClCompile Include="misc\TestDoubleKeyMap.cpp">
      <Filter>Source Files\misc</Filter>
    </ClCompile>
    <ClCompile Include="misc\TestIntegerList.cpp">
      <Filter>Source Files\misc</Filter>
    </ClCompile>
    <ClCompile Include="misc\TestIntegerStack.cpp">
      <Filter>Source Files\misc</Filter>
    </ClCompile>
    <ClCompile Include="misc\TestUtils.cpp">
      <Filter>Source Files\misc</Filter>
    </ClCompile>
    <ClCompile Include="misc\TestHashSet.cpp">
      <Filter>Source Files\misc</Filter>
    </ClCompile>
    <ClCompile Include="misc\TestOrderedHashSet.cpp">
      <Filter>Source Files\misc</Filter>
    </ClCompile>
    <ClCompile Include="misc\TestArray2DHashSet.cpp">
      <Filter>Source Files\misc</Filter>
    </ClCompile>
  </ItemGroup>
  <ItemGroup>
    <ClInclude Include="BaseTest.h">
      <Filter>Header Files</Filter>
    </ClInclude>
    <ClInclude Include="gtest\gtest.h">
      <Filter>Header Files\gtest</Filter>
    </ClInclude>
    <ClInclude Include="gmock\gmock.h">
      <Filter>Header Files\gmock</Filter>
    </ClInclude>
    <ClInclude Include="misc\IntKey.h">
      <Filter>Header Files\misc</Filter>
    </ClInclude>
    <ClInclude Include="misc\StringKey.h">
      <Filter>Header Files\misc</Filter>
    </ClInclude>
    <ClInclude Include="misc\ZeroKey.h">
      <Filter>Header Files\misc</Filter>
    </ClInclude>
  </ItemGroup>
</Project>